
Microsoft Visual Studio Solution File, Format Version 12.00
# Visual Studio Version 16
VisualStudioVersion = 16.0.28705.295
MinimumVisualStudioVersion = 10.0.40219.1
Project("{8BC9CEB8-8B4A-11D0-8D11-00A0C91BC942}") = "agate.editor", "agate.editor\agate.editor.vcxproj", "{436AB6E4-D86F-47B6-AE2F-7DFDD9CC9852}"
EndProject
Project("{8BC9CEB8-8B4A-11D0-8D11-00A0C91BC942}") = "agate.renderer", "agate.renderer\agate.renderer.vcxproj", "{8001C6F4-6692-4183-9EDB-6CEDD7659406}"
EndProject
Project("{2150E333-8FDC-42A3-9474-1A3956D46DE8}") = "agate", "agate", "{36E778EA-693A-4E3F-B808-6D7D9E6DDE96}"
EndProject
Project("{2150E333-8FDC-42A3-9474-1A3956D46DE8}") = "editor", "editor", "{255E9E37-E4BC-4EAA-B4CA-E2855D52D965}"
EndProject
Project("{8BC9CEB8-8B4A-11D0-8D11-00A0C91BC942}") = "agate.editor.gtk", "agate.editor.gtk\agate.editor.gtk.vcxproj", "{862656C6-31EA-47BC-8066-DCC305D1341C}"
EndProject
Project("{8BC9CEB8-8B4A-11D0-8D11-00A0C91BC942}") = "agate.app", "agate.app\agate.app.vcxproj", "{1B5FFCDF-9F26-4DF9-B7C1-DB0B5173717B}"
	ProjectSection(ProjectDependencies) = postProject
		{862656C6-31EA-47BC-8066-DCC305D1341C} = {862656C6-31EA-47BC-8066-DCC305D1341C}
		{436AB6E4-D86F-47B6-AE2F-7DFDD9CC9852} = {436AB6E4-D86F-47B6-AE2F-7DFDD9CC9852}
		{8001C6F4-6692-4183-9EDB-6CEDD7659406} = {8001C6F4-6692-4183-9EDB-6CEDD7659406}
	EndProjectSection
EndProject
Global
	GlobalSection(SolutionConfigurationPlatforms) = preSolution
		Debug|x64 = Debug|x64
		Debug|x86 = Debug|x86
		Release|x64 = Release|x64
		Release|x86 = Release|x86
	EndGlobalSection
	GlobalSection(ProjectConfigurationPlatforms) = postSolution
		{436AB6E4-D86F-47B6-AE2F-7DFDD9CC9852}.Debug|x64.ActiveCfg = Debug|x64
		{436AB6E4-D86F-47B6-AE2F-7DFDD9CC9852}.Debug|x64.Build.0 = Debug|x64
		{436AB6E4-D86F-47B6-AE2F-7DFDD9CC9852}.Debug|x86.ActiveCfg = Debug|Win32
		{436AB6E4-D86F-47B6-AE2F-7DFDD9CC9852}.Debug|x86.Build.0 = Debug|Win32
		{436AB6E4-D86F-47B6-AE2F-7DFDD9CC9852}.Release|x64.ActiveCfg = Release|x64
		{436AB6E4-D86F-47B6-AE2F-7DFDD9CC9852}.Release|x64.Build.0 = Release|x64
		{436AB6E4-D86F-47B6-AE2F-7DFDD9CC9852}.Release|x86.ActiveCfg = Release|Win32
		{436AB6E4-D86F-47B6-AE2F-7DFDD9CC9852}.Release|x86.Build.0 = Release|Win32
		{8001C6F4-6692-4183-9EDB-6CEDD7659406}.Debug|x64.ActiveCfg = Debug|x64
		{8001C6F4-6692-4183-9EDB-6CEDD7659406}.Debug|x64.Build.0 = Debug|x64
		{8001C6F4-6692-4183-9EDB-6CEDD7659406}.Debug|x86.ActiveCfg = Debug|Win32
		{8001C6F4-6692-4183-9EDB-6CEDD7659406}.Debug|x86.Build.0 = Debug|Win32
		{8001C6F4-6692-4183-9EDB-6CEDD7659406}.Release|x64.ActiveCfg = Release|x64
		{8001C6F4-6692-4183-9EDB-6CEDD7659406}.Release|x64.Build.0 = Release|x64
		{8001C6F4-6692-4183-9EDB-6CEDD7659406}.Release|x86.ActiveCfg = Release|Win32
		{8001C6F4-6692-4183-9EDB-6CEDD7659406}.Release|x86.Build.0 = Release|Win32
		{862656C6-31EA-47BC-8066-DCC305D1341C}.Debug|x64.ActiveCfg = Debug|x64
		{862656C6-31EA-47BC-8066-DCC305D1341C}.Debug|x64.Build.0 = Debug|x64
		{862656C6-31EA-47BC-8066-DCC305D1341C}.Debug|x86.ActiveCfg = Debug|Win32
		{862656C6-31EA-47BC-8066-DCC305D1341C}.Debug|x86.Build.0 = Debug|Win32
		{862656C6-31EA-47BC-8066-DCC305D1341C}.Release|x64.ActiveCfg = Release|x64
		{862656C6-31EA-47BC-8066-DCC305D1341C}.Release|x64.Build.0 = Release|x64
		{862656C6-31EA-47BC-8066-DCC305D1341C}.Release|x86.ActiveCfg = Release|Win32
		{862656C6-31EA-47BC-8066-DCC305D1341C}.Release|x86.Build.0 = Release|Win32
		{1B5FFCDF-9F26-4DF9-B7C1-DB0B5173717B}.Debug|x64.ActiveCfg = Debug|x64
		{1B5FFCDF-9F26-4DF9-B7C1-DB0B5173717B}.Debug|x64.Build.0 = Debug|x64
		{1B5FFCDF-9F26-4DF9-B7C1-DB0B5173717B}.Debug|x86.ActiveCfg = Debug|Win32
		{1B5FFCDF-9F26-4DF9-B7C1-DB0B5173717B}.Debug|x86.Build.0 = Debug|Win32
		{1B5FFCDF-9F26-4DF9-B7C1-DB0B5173717B}.Release|x64.ActiveCfg = Release|x64
		{1B5FFCDF-9F26-4DF9-B7C1-DB0B5173717B}.Release|x64.Build.0 = Release|x64
		{1B5FFCDF-9F26-4DF9-B7C1-DB0B5173717B}.Release|x86.ActiveCfg = Release|Win32
		{1B5FFCDF-9F26-4DF9-B7C1-DB0B5173717B}.Release|x86.Build.0 = Release|Win32
	EndGlobalSection
	GlobalSection(SolutionProperties) = preSolution
		HideSolutionNode = FALSE
	EndGlobalSection
	GlobalSection(NestedProjects) = preSolution
		{436AB6E4-D86F-47B6-AE2F-7DFDD9CC9852} = {255E9E37-E4BC-4EAA-B4CA-E2855D52D965}
		{8001C6F4-6692-4183-9EDB-6CEDD7659406} = {36E778EA-693A-4E3F-B808-6D7D9E6DDE96}
		{255E9E37-E4BC-4EAA-B4CA-E2855D52D965} = {36E778EA-693A-4E3F-B808-6D7D9E6DDE96}
		{862656C6-31EA-47BC-8066-DCC305D1341C} = {255E9E37-E4BC-4EAA-B4CA-E2855D52D965}
		{1B5FFCDF-9F26-4DF9-B7C1-DB0B5173717B} = {36E778EA-693A-4E3F-B808-6D7D9E6DDE96}
	EndGlobalSection
	GlobalSection(ExtensibilityGlobals) = postSolution
		SolutionGuid = {7420B982-39BA-4D06-AB9F-03CD21004987}
	EndGlobalSection
EndGlobal
